dependencies:
- alias: ""
  condition: ""
  enabled: false
  import-values: null
  name: ibmcase-couchdb
  repository: https://jkwong888.github.io/refarch-cloudnative-kubernetes/charts
  tags: null
  version: 0.1.0
digest: sha256:b517b5722031ca1ce7cfe2bbc843e5a607e6ded014d6386c0737e17a83991908
generated: 2017-06-29T20:55:25.190532654-04:00
